
Microsoft Visual Studio Solution File, Format Version 12.00
# Visual Studio 15
VisualStudioVersion = 15.0.27130.2010
MinimumVisualStudioVersion = 10.0.40219.1
Project("{FAE04EC0-301F-11D3-BF4B-00C04F79EFBC}") = "FGOtest", "FGOtest\FGOtest.csproj", "{695086EA-B249-4F5B-89CB-5A4F18AF3BE6}"
EndProject
Project("{2150E333-8FDC-42A3-9474-1A3956D46DE8}") = "Solution Items", "Solution Items", "{75C05E7D-024C-4743-9D1C-59F10C9E756B}"
EndProject
Global
	GlobalSection(SolutionConfigurationPlatforms) = preSolution
		Debug|Any CPU = Debug|Any CPU
		Release|Any CPU = Release|Any CPU
	EndGlobalSection
	GlobalSection(ProjectConfigurationPlatforms) = postSolution
		{695086EA-B249-4F5B-89CB-5A4F18AF3BE6}.Debug|Any CPU.ActiveCfg = Debug|Any CPU
		{695086EA-B249-4F5B-89CB-5A4F18AF3BE6}.Debug|Any CPU.Build.0 = Debug|Any CPU
		{695086EA-B249-4F5B-89CB-5A4F18AF3BE6}.Release|Any CPU.ActiveCfg = Release|Any CPU
		{695086EA-B249-4F5B-89CB-5A4F18AF3BE6}.Release|Any CPU.Build.0 = Release|Any CPU
	EndGlobalSection
	GlobalSection(SolutionProperties) = preSolution
		HideSolutionNode = FALSE
	EndGlobalSection
	GlobalSection(ExtensibilityGlobals) = postSolution
		SolutionGuid = {03F2B060-B7D4-44DA-A4A5-8034424CAAB4}
	EndGlobalSection
EndGlobal
